// !$*UTF8*$!
{
	archiveVersion = 1;
	classes = {
	};
	objectVersion = 50;
	objects = {

/* Begin PBXBuildFile section */
		8FAD95DE2591F1EC00292B24 /* AppDelegate.swift in Sources */ = {isa = PBXBuildFile; fileRef = 8FAD95DD2591F1EC00292B24 /* AppDelegate.swift */; };
		8FAD95E52591F1EC00292B24 /* Main.storyboard in Resources */ = {isa = PBXBuildFile; fileRef = 8FAD95E32591F1EC00292B24 /* Main.storyboard */; };
		8FAD95E72591F1ED00292B24 /* Assets.xcassets in Resources */ = {isa = PBXBuildFile; fileRef = 8FAD95E62591F1ED00292B24 /* Assets.xcassets */; };
		8FAD95EA2591F1ED00292B24 /* LaunchScreen.storyboard in Resources */ = {isa = PBXBuildFile; fileRef = 8FAD95E82591F1ED00292B24 /* LaunchScreen.storyboard */; };
		8FAD95F52591F1ED00292B24 /* DemoTests.swift in Sources */ = {isa = PBXBuildFile; fileRef = 8FAD95F42591F1ED00292B24 /* DemoTests.swift */; };
		8FAD96002591F1ED00292B24 /* DemoUITests.swift in Sources */ = {isa = PBXBuildFile; fileRef = 8FAD95FF2591F1ED00292B24 /* DemoUITests.swift */; };
		8FAD961F2591F4D500292B24 /* UserListingController.swift in Sources */ = {isa = PBXBuildFile; fileRef = 8FAD961E2591F4D500292B24 /* UserListingController.swift */; };
		8FAD96272591F4E700292B24 /* UserModel.swift in Sources */ = {isa = PBXBuildFile; fileRef = 8FAD96262591F4E700292B24 /* UserModel.swift */; };
		8FAD96412591F66300292B24 /* UserTableCell.swift in Sources */ = {isa = PBXBuildFile; fileRef = 8FAD963F2591F66300292B24 /* UserTableCell.swift */; };
		8FAD96422591F66400292B24 /* UserTableCell.xib in Resources */ = {isa = PBXBuildFile; fileRef = 8FAD96402591F66300292B24 /* UserTableCell.xib */; };
		8FAD96482591FA6F00292B24 /* MatricsController.swift in Sources */ = {isa = PBXBuildFile; fileRef = 8FAD96472591FA6F00292B24 /* MatricsController.swift */; };
		8FAD96522591FC7E00292B24 /* NumberCell.swift in Sources */ = {isa = PBXBuildFile; fileRef = 8FAD96502591FC7E00292B24 /* NumberCell.swift */; };
		8FAD96532591FC7E00292B24 /* NumberCell.xib in Resources */ = {isa = PBXBuildFile; fileRef = 8FAD96512591FC7E00292B24 /* NumberCell.xib */; };
		8FAD965F25920FFF00292B24 /* AlarmController.swift in Sources */ = {isa = PBXBuildFile; fileRef = 8FAD965E25920FFF00292B24 /* AlarmController.swift */; };
		8FAD966A25921D8800292B24 /* iphoneRingtone.mp3 in Resources */ = {isa = PBXBuildFile; fileRef = 8FAD966925921D8800292B24 /* iphoneRingtone.mp3 */; };
		8FAD96732592210600292B24 /* UIViewController+Extensions.swift in Sources */ = {isa = PBXBuildFile; fileRef = 8FAD96722592210600292B24 /* UIViewController+Extensions.swift */; };
		8FAD967E2592213400292B24 /* UITableView+Extensions.swift in Sources */ = {isa = PBXBuildFile; fileRef = 8FAD967D2592213400292B24 /* UITableView+Extensions.swift */; };
		8FAD96832592216400292B24 /* UICollectionView+Extensions.swift in Sources */ = {isa = PBXBuildFile; fileRef = 8FAD96822592216400292B24 /* UICollectionView+Extensions.swift */; };
/* End PBXBuildFile section */

/* Begin PBXContainerItemProxy section */
		8FAD95F12591F1ED00292B24 /* PBXContainerItemProxy */ = {
			isa = PBXContainerItemProxy;
			containerPortal = 8FAD95D22591F1EC00292B24 /* Project object */;
			proxyType = 1;
			remoteGlobalIDString = 8FAD95D92591F1EC00292B24;
			remoteInfo = Demo;
		};
		8FAD95FC2591F1ED00292B24 /* PBXContainerItemProxy */ = {
			isa = PBXContainerItemProxy;
			containerPortal = 8FAD95D22591F1EC00292B24 /* Project object */;
			proxyType = 1;
			remoteGlobalIDString = 8FAD95D92591F1EC00292B24;
			remoteInfo = Demo;
		};
/* End PBXContainerItemProxy section */

/* Begin PBXFileReference section */
		8FAD95DA2591F1EC00292B24 /* Demo.app */ = {isa = PBXFileReference; explicitFileType = wrapper.application; includeInIndex = 0; path = Demo.app; sourceTree = BUILT_PRODUCTS_DIR; };
		8FAD95DD2591F1EC00292B24 /* AppDelegate.swift */ = {isa = PBXFileReference; lastKnownFileType = sourcecode.swift; path = AppDelegate.swift; sourceTree = "<group>"; };
		8FAD95E42591F1EC00292B24 /* Base */ = {isa = PBXFileReference; lastKnownFileType = file.storyboard; name = Base; path = Base.lproj/Main.storyboard; sourceTree = "<group>"; };
		8FAD95E62591F1ED00292B24 /* Assets.xcassets */ = {isa = PBXFileReference; lastKnownFileType = folder.assetcatalog; path = Assets.xcassets; sourceTree = "<group>"; };
		8FAD95E92591F1ED00292B24 /* Base */ = {isa = PBXFileReference; lastKnownFileType = file.storyboard; name = Base; path = Base.lproj/LaunchScreen.storyboard; sourceTree = "<group>"; };
		8FAD95EB2591F1ED00292B24 /* Info.plist */ = {isa = PBXFileReference; lastKnownFileType = text.plist.xml; path = Info.plist; sourceTree = "<group>"; };
		8FAD95F02591F1ED00292B24 /* DemoTests.xctest */ = {isa = PBXFileReference; explicitFileType = wrapper.cfbundle; includeInIndex = 0; path = DemoTests.xctest; sourceTree = BUILT_PRODUCTS_DIR; };
		8FAD95F42591F1ED00292B24 /* DemoTests.swift */ = {isa = PBXFileReference; lastKnownFileType = sourcecode.swift; path = DemoTests.swift; sourceTree = "<group>"; };
		8FAD95F62591F1ED00292B24 /* Info.plist */ = {isa = PBXFileReference; lastKnownFileType = text.plist.xml; path = Info.plist; sourceTree = "<group>"; };
		8FAD95FB2591F1ED00292B24 /* DemoUITests.xctest */ = {isa = PBXFileReference; explicitFileType = wrapper.cfbundle; includeInIndex = 0; path = DemoUITests.xctest; sourceTree = BUILT_PRODUCTS_DIR; };
		8FAD95FF2591F1ED00292B24 /* DemoUITests.swift */ = {isa = PBXFileReference; lastKnownFileType = sourcecode.swift; path = DemoUITests.swift; sourceTree = "<group>"; };
		8FAD96012591F1ED00292B24 /* Info.plist */ = {isa = PBXFileReference; lastKnownFileType = text.plist.xml; path = Info.plist; sourceTree = "<group>"; };
		8FAD961E2591F4D500292B24 /* UserListingController.swift */ = {isa = PBXFileReference; fileEncoding = 4; lastKnownFileType = sourcecode.swift; path = UserListingController.swift; sourceTree = "<group>"; };
		8FAD96262591F4E700292B24 /* UserModel.swift */ = {isa = PBXFileReference; lastKnownFileType = sourcecode.swift; path = UserModel.swift; sourceTree = "<group>"; };
		8FAD963F2591F66300292B24 /* UserTableCell.swift */ = {isa = PBXFileReference; lastKnownFileType = sourcecode.swift; path = UserTableCell.swift; sourceTree = "<group>"; };
		8FAD96402591F66300292B24 /* UserTableCell.xib */ = {isa = PBXFileReference; lastKnownFileType = file.xib; path = UserTableCell.xib; sourceTree = "<group>"; };
		8FAD96472591FA6F00292B24 /* MatricsController.swift */ = {isa = PBXFileReference; lastKnownFileType = sourcecode.swift; path = MatricsController.swift; sourceTree = "<group>"; };
		8FAD96502591FC7E00292B24 /* NumberCell.swift */ = {isa = PBXFileReference; lastKnownFileType = sourcecode.swift; path = NumberCell.swift; sourceTree = "<group>"; };
		8FAD96512591FC7E00292B24 /* NumberCell.xib */ = {isa = PBXFileReference; lastKnownFileType = file.xib; path = NumberCell.xib; sourceTree = "<group>"; };
		8FAD965E25920FFF00292B24 /* AlarmController.swift */ = {isa = PBXFileReference; lastKnownFileType = sourcecode.swift; path = AlarmController.swift; sourceTree = "<group>"; };
		8FAD966925921D8800292B24 /* iphoneRingtone.mp3 */ = {isa = PBXFileReference; lastKnownFileType = audio.mp3; path = iphoneRingtone.mp3; sourceTree = "<group>"; };
		8FAD96722592210600292B24 /* UIViewController+Extensions.swift */ = {isa = PBXFileReference; lastKnownFileType = sourcecode.swift; path = "UIViewController+Extensions.swift"; sourceTree = "<group>"; };
		8FAD967D2592213400292B24 /* UITableView+Extensions.swift */ = {isa = PBXFileReference; lastKnownFileType = sourcecode.swift; path = "UITableView+Extensions.swift"; sourceTree = "<group>"; };
		8FAD96822592216400292B24 /* UICollectionView+Extensions.swift */ = {isa = PBXFileReference; lastKnownFileType = sourcecode.swift; path = "UICollectionView+Extensions.swift"; sourceTree = "<group>"; };
/* End PBXFileReference section */

/* Begin PBXFrameworksBuildPhase section */
		8FAD95D72591F1EC00292B24 /* Frameworks */ = {
			isa = PBXFrameworksBuildPhase;
			buildActionMask = 2147483647;
			files = (
			);
			runOnlyForDeploymentPostprocessing = 0;
		};
		8FAD95ED2591F1ED00292B24 /* Frameworks */ = {
			isa = PBXFrameworksBuildPhase;
			buildActionMask = 2147483647;
			files = (
			);
			runOnlyForDeploymentPostprocessing = 0;
		};
		8FAD95F82591F1ED00292B24 /* Frameworks */ = {
			isa = PBXFrameworksBuildPhase;
			buildActionMask = 2147483647;
			files = (
			);
			runOnlyForDeploymentPostprocessing = 0;
		};
/* End PBXFrameworksBuildPhase section */

/* Begin PBXGroup section */
		8FAD95D12591F1EC00292B24 = {
			isa = PBXGroup;
			children = (
				8FAD95DC2591F1EC00292B24 /* Demo */,
				8FAD95F32591F1ED00292B24 /* DemoTests */,
				8FAD95FE2591F1ED00292B24 /* DemoUITests */,
				8FAD95DB2591F1EC00292B24 /* Products */,
			);
			sourceTree = "<group>";
		};
		8FAD95DB2591F1EC00292B24 /* Products */ = {
			isa = PBXGroup;
			children = (
				8FAD95DA2591F1EC00292B24 /* Demo.app */,
				8FAD95F02591F1ED00292B24 /* DemoTests.xctest */,
				8FAD95FB2591F1ED00292B24 /* DemoUITests.xctest */,
			);
			name = Products;
			sourceTree = "<group>";
		};
		8FAD95DC2591F1EC00292B24 /* Demo */ = {
			isa = PBXGroup;
			children = (
				8FAD95DD2591F1EC00292B24 /* AppDelegate.swift */,
				8FAD966925921D8800292B24 /* iphoneRingtone.mp3 */,
				8FAD9671259220F200292B24 /* Extensions */,
				8FAD961C2591F4D500292B24 /* Controllers */,
				8FAD95E32591F1EC00292B24 /* Main.storyboard */,
				8FAD95E62591F1ED00292B24 /* Assets.xcassets */,
				8FAD95E82591F1ED00292B24 /* LaunchScreen.storyboard */,
				8FAD95EB2591F1ED00292B24 /* Info.plist */,
			);
			path = Demo;
			sourceTree = "<group>";
		};
		8FAD95F32591F1ED00292B24 /* DemoTests */ = {
			isa = PBXGroup;
			children = (
				8FAD95F42591F1ED00292B24 /* DemoTests.swift */,
				8FAD95F62591F1ED00292B24 /* Info.plist */,
			);
			path = DemoTests;
			sourceTree = "<group>";
		};
		8FAD95FE2591F1ED00292B24 /* DemoUITests */ = {
			isa = PBXGroup;
			children = (
				8FAD95FF2591F1ED00292B24 /* DemoUITests.swift */,
				8FAD96012591F1ED00292B24 /* Info.plist */,
			);
			path = DemoUITests;
			sourceTree = "<group>";
		};
		8FAD961C2591F4D500292B24 /* Controllers */ = {
			isa = PBXGroup;
			children = (
				8FAD965D25920FE700292B24 /* AlarmScreen */,
				8FAD96462591FA5F00292B24 /* MatricsScreen */,
				8FAD961D2591F4D500292B24 /* UserListing */,
			);
			path = Controllers;
			sourceTree = "<group>";
		};
		8FAD961D2591F4D500292B24 /* UserListing */ = {
			isa = PBXGroup;
			children = (
				8FAD962B2591F51D00292B24 /* UserTableCell */,
				8FAD961E2591F4D500292B24 /* UserListingController.swift */,
				8FAD96262591F4E700292B24 /* UserModel.swift */,
			);
			path = UserListing;
			sourceTree = "<group>";
		};
		8FAD962B2591F51D00292B24 /* UserTableCell */ = {
			isa = PBXGroup;
			children = (
				8FAD963F2591F66300292B24 /* UserTableCell.swift */,
				8FAD96402591F66300292B24 /* UserTableCell.xib */,
			);
			path = UserTableCell;
			sourceTree = "<group>";
		};
		8FAD96462591FA5F00292B24 /* MatricsScreen */ = {
			isa = PBXGroup;
			children = (
				8FAD964F2591FC6500292B24 /* NumberCell */,
				8FAD96472591FA6F00292B24 /* MatricsController.swift */,
			);
			path = MatricsScreen;
			sourceTree = "<group>";
		};
		8FAD964F2591FC6500292B24 /* NumberCell */ = {
			isa = PBXGroup;
			children = (
				8FAD96502591FC7E00292B24 /* NumberCell.swift */,
				8FAD96512591FC7E00292B24 /* NumberCell.xib */,
			);
			path = NumberCell;
			sourceTree = "<group>";
		};
		8FAD965D25920FE700292B24 /* AlarmScreen */ = {
			isa = PBXGroup;
			children = (
				8FAD965E25920FFF00292B24 /* AlarmController.swift */,
			);
			path = AlarmScreen;
			sourceTree = "<group>";
		};
		8FAD9671259220F200292B24 /* Extensions */ = {
			isa = PBXGroup;
			children = (
				8FAD96722592210600292B24 /* UIViewController+Extensions.swift */,
				8FAD967D2592213400292B24 /* UITableView+Extensions.swift */,
				8FAD96822592216400292B24 /* UICollectionView+Extensions.swift */,
			);
			path = Extensions;
			sourceTree = "<group>";
		};
/* End PBXGroup section */

/* Begin PBXNativeTarget section */
		8FAD95D92591F1EC00292B24 /* Demo */ = {
			isa = PBXNativeTarget;
			buildConfigurationList = 8FAD96042591F1ED00292B24 /* Build configuration list for PBXNativeTarget "Demo" */;
			buildPhases = (
				8FAD95D62591F1EC00292B24 /* Sources */,
				8FAD95D72591F1EC00292B24 /* Frameworks */,
				8FAD95D82591F1EC00292B24 /* Resources */,
			);
			buildRules = (
			);
			dependencies = (
			);
			name = Demo;
			productName = Demo;
			productReference = 8FAD95DA2591F1EC00292B24 /* Demo.app */;
			productType = "com.apple.product-type.application";
		};
		8FAD95EF2591F1ED00292B24 /* DemoTests */ = {
			isa = PBXNativeTarget;
			buildConfigurationList = 8FAD96072591F1ED00292B24 /* Build configuration list for PBXNativeTarget "DemoTests" */;
			buildPhases = (
				8FAD95EC2591F1ED00292B24 /* Sources */,
				8FAD95ED2591F1ED00292B24 /* Frameworks */,
				8FAD95EE2591F1ED00292B24 /* Resources */,
			);
			buildRules = (
			);
			dependencies = (
				8FAD95F22591F1ED00292B24 /* PBXTargetDependency */,
			);
			name = DemoTests;
			productName = DemoTests;
			productReference = 8FAD95F02591F1ED00292B24 /* DemoTests.xctest */;
			productType = "com.apple.product-type.bundle.unit-test";
		};
		8FAD95FA2591F1ED00292B24 /* DemoUITests */ = {
			isa = PBXNativeTarget;
			buildConfigurationList = 8FAD960A2591F1ED00292B24 /* Build configuration list for PBXNativeTarget "DemoUITests" */;
			buildPhases = (
				8FAD95F72591F1ED00292B24 /* Sources */,
				8FAD95F82591F1ED00292B24 /* Frameworks */,
				8FAD95F92591F1ED00292B24 /* Resources */,
			);
			buildRules = (
			);
			dependencies = (
				8FAD95FD2591F1ED00292B24 /* PBXTargetDependency */,
			);
			name = DemoUITests;
			productName = DemoUITests;
			productReference = 8FAD95FB2591F1ED00292B24 /* DemoUITests.xctest */;
			productType = "com.apple.product-type.bundle.ui-testing";
		};
/* End PBXNativeTarget section */

/* Begin PBXProject section */
		8FAD95D22591F1EC00292B24 /* Project object */ = {
			isa = PBXProject;
			attributes = {
				LastSwiftUpdateCheck = 1230;
				LastUpgradeCheck = 1230;
				TargetAttributes = {
					8FAD95D92591F1EC00292B24 = {
						CreatedOnToolsVersion = 12.3;
					};
					8FAD95EF2591F1ED00292B24 = {
						CreatedOnToolsVersion = 12.3;
						TestTargetID = 8FAD95D92591F1EC00292B24;
					};
					8FAD95FA2591F1ED00292B24 = {
						CreatedOnToolsVersion = 12.3;
						TestTargetID = 8FAD95D92591F1EC00292B24;
					};
				};
			};
			buildConfigurationList = 8FAD95D52591F1EC00292B24 /* Build configuration list for PBXProject "Demo" */;
			compatibilityVersion = "Xcode 9.3";
			developmentRegion = en;
			hasScannedForEncodings = 0;
			knownRegions = (
				en,
				Base,
			);
			mainGroup = 8FAD95D12591F1EC00292B24;
			productRefGroup = 8FAD95DB2591F1EC00292B24 /* Products */;
			projectDirPath = "";
			projectRoot = "";
			targets = (
				8FAD95D92591F1EC00292B24 /* Demo */,
				8FAD95EF2591F1ED00292B24 /* DemoTests */,
				8FAD95FA2591F1ED00292B24 /* DemoUITests */,
			);
		};
/* End PBXProject section */

/* Begin PBXResourcesBuildPhase section */
		8FAD95D82591F1EC00292B24 /* Resources */ = {
			isa = PBXResourcesBuildPhase;
			buildActionMask = 2147483647;
			files = (
				8FAD96532591FC7E00292B24 /* NumberCell.xib in Resources */,
				8FAD95EA2591F1ED00292B24 /* LaunchScreen.storyboard in Resources */,
				8FAD96422591F66400292B24 /* UserTableCell.xib in Resources */,
				8FAD95E72591F1ED00292B24 /* Assets.xcassets in Resources */,
				8FAD966A25921D8800292B24 /* iphoneRingtone.mp3 in Resources */,
				8FAD95E52591F1EC00292B24 /* Main.storyboard in Resources */,
			);
			runOnlyForDeploymentPostprocessing = 0;
		};
		8FAD95EE2591F1ED00292B24 /* Resources */ = {
			isa = PBXResourcesBuildPhase;
			buildActionMask = 2147483647;
			files = (
			);
			runOnlyForDeploymentPostprocessing = 0;
		};
		8FAD95F92591F1ED00292B24 /* Resources */ = {
			isa = PBXResourcesBuildPhase;
			buildActionMask = 2147483647;
			files = (
			);
			runOnlyForDeploymentPostprocessing = 0;
		};
/* End PBXResourcesBuildPhase section */

/* Begin PBXSourcesBuildPhase section */
		8FAD95D62591F1EC00292B24 /* Sources */ = {
			isa = PBXSourcesBuildPhase;
			buildActionMask = 2147483647;
			files = (
				8FAD967E2592213400292B24 /* UITableView+Extensions.swift in Sources */,
				8FAD95DE2591F1EC00292B24 /* AppDelegate.swift in Sources */,
				8FAD96832592216400292B24 /* UICollectionView+Extensions.swift in Sources */,
				8FAD96412591F66300292B24 /* UserTableCell.swift in Sources */,
				8FAD96732592210600292B24 /* UIViewController+Extensions.swift in Sources */,
				8FAD96522591FC7E00292B24 /* NumberCell.swift in Sources */,
				8FAD96482591FA6F00292B24 /* MatricsController.swift in Sources */,
				8FAD96272591F4E700292B24 /* UserModel.swift in Sources */,
				8FAD961F2591F4D500292B24 /* UserListingController.swift in Sources */,
				8FAD965F25920FFF00292B24 /* AlarmController.swift in Sources */,
			);
			runOnlyForDeploymentPostprocessing = 0;
		};
		8FAD95EC2591F1ED00292B24 /* Sources */ = {
			isa = PBXSourcesBuildPhase;
			buildActionMask = 2147483647;
			files = (
				8FAD95F52591F1ED00292B24 /* DemoTests.swift in Sources */,
			);
			runOnlyForDeploymentPostprocessing = 0;
		};
		8FAD95F72591F1ED00292B24 /* Sources */ = {
			isa = PBXSourcesBuildPhase;
			buildActionMask = 2147483647;
			files = (
				8FAD96002591F1ED00292B24 /* DemoUITests.swift in Sources */,
			);
			runOnlyForDeploymentPostprocessing = 0;
		};
/* End PBXSourcesBuildPhase section */

/* Begin PBXTargetDependency section */
		8FAD95F22591F1ED00292B24 /* PBXTargetDependency */ = {
			isa = PBXTargetDependency;
			target = 8FAD95D92591F1EC00292B24 /* Demo */;
			targetProxy = 8FAD95F12591F1ED00292B24 /* PBXContainerItemProxy */;
		};
		8FAD95FD2591F1ED00292B24 /* PBXTargetDependency */ = {
			isa = PBXTargetDependency;
			target = 8FAD95D92591F1EC00292B24 /* Demo */;
			targetProxy = 8FAD95FC2591F1ED00292B24 /* PBXContainerItemProxy */;
		};
/* End PBXTargetDependency section */

/* Begin PBXVariantGroup section */
		8FAD95E32591F1EC00292B24 /* Main.storyboard */ = {
			isa = PBXVariantGroup;
			children = (
				8FAD95E42591F1EC00292B24 /* Base */,
			);
			name = Main.storyboard;
			sourceTree = "<group>";
		};
		8FAD95E82591F1ED00292B24 /* LaunchScreen.storyboard */ = {
			isa = PBXVariantGroup;
			children = (
				8FAD95E92591F1ED00292B24 /* Base */,
			);
			name = LaunchScreen.storyboard;
			sourceTree = "<group>";
		};
/* End PBXVariantGroup section */

/* Begin XCBuildConfiguration section */
		8FAD96022591F1ED00292B24 /* Debug */ = {
			isa = XCBuildConfiguration;
			buildSettings = {
				ALWAYS_SEARCH_USER_PATHS = NO;
				CLANG_ANALYZER_NONNULL = YES;
				CLANG_ANALYZER_NUMBER_OBJECT_CONVERSION = YES_AGGRESSIVE;
				CLANG_CXX_LANGUAGE_STANDARD = "gnu++14";
				CLANG_CXX_LIBRARY = "libc++";
				CLANG_ENABLE_MODULES = YES;
				CLANG_ENABLE_OBJC_ARC = YES;
				CLANG_ENABLE_OBJC_WEAK = YES;
				CLANG_WARN_BLOCK_CAPTURE_AUTORELEASING = YES;
				CLANG_WARN_BOOL_CONVERSION = YES;
				CLANG_WARN_COMMA = YES;
				CLANG_WARN_CONSTANT_CONVERSION = YES;
				CLANG_WARN_DEPRECATED_OBJC_IMPLEMENTATIONS = YES;
				CLANG_WARN_DIRECT_OBJC_ISA_USAGE = YES_ERROR;
				CLANG_WARN_DOCUMENTATION_COMMENTS = YES;
				CLANG_WARN_EMPTY_BODY = YES;
				CLANG_WARN_ENUM_CONVERSION = YES;
				CLANG_WARN_INFINITE_RECURSION = YES;
				CLANG_WARN_INT_CONVERSION = YES;
				CLANG_WARN_NON_LITERAL_NULL_CONVERSION = YES;
				CLANG_WARN_OBJC_IMPLICIT_RETAIN_SELF = YES;
				CLANG_WARN_OBJC_LITERAL_CONVERSION = YES;
				CLANG_WARN_OBJC_ROOT_CLASS = YES_ERROR;
				CLANG_WARN_QUOTED_INCLUDE_IN_FRAMEWORK_HEADER = YES;
				CLANG_WARN_RANGE_LOOP_ANALYSIS = YES;
				CLANG_WARN_STRICT_PROTOTYPES = YES;
				CLANG_WARN_SUSPICIOUS_MOVE = YES;
				CLANG_WARN_UNGUARDED_AVAILABILITY = YES_AGGRESSIVE;
				CLANG_WARN_UNREACHABLE_CODE = YES;
				CLANG_WARN__DUPLICATE_METHOD_MATCH = YES;
				COPY_PHASE_STRIP = NO;
				DEBUG_INFORMATION_FORMAT = dwarf;
				ENABLE_STRICT_OBJC_MSGSEND = YES;
				ENABLE_TESTABILITY = YES;
				GCC_C_LANGUAGE_STANDARD = gnu11;
				GCC_DYNAMIC_NO_PIC = NO;
				GCC_NO_COMMON_BLOCKS = YES;
				GCC_OPTIMIZATION_LEVEL = 0;
				GCC_PREPROCESSOR_DEFINITIONS = (
					"DEBUG=1",
					"$(inherited)",
				);
				GCC_WARN_64_TO_32_BIT_CONVERSION = YES;
				GCC_WARN_ABOUT_RETURN_TYPE = YES_ERROR;
				GCC_WARN_UNDECLARED_SELECTOR = YES;
				GCC_WARN_UNINITIALIZED_AUTOS = YES_AGGRESSIVE;
				GCC_WARN_UNUSED_FUNCTION = YES;
				GCC_WARN_UNUSED_VARIABLE = YES;
				IPHONEOS_DEPLOYMENT_TARGET = 14.3;
				MTL_ENABLE_DEBUG_INFO = INCLUDE_SOURCE;
				MTL_FAST_MATH = YES;
				ONLY_ACTIVE_ARCH = YES;
				SDKROOT = iphoneos;
				SWIFT_ACTIVE_COMPILATION_CONDITIONS = DEBUG;
				SWIFT_OPTIMIZATION_LEVEL = "-Onone";
			};
			name = Debug;
		};
		8FAD96032591F1ED00292B24 /* Release */ = {
			isa = XCBuildConfiguration;
			buildSettings = {
				ALWAYS_SEARCH_USER_PATHS = NO;
				CLANG_ANALYZER_NONNULL = YES;
				CLANG_ANALYZER_NUMBER_OBJECT_CONVERSION = YES_AGGRESSIVE;
				CLANG_CXX_LANGUAGE_STANDARD = "gnu++14";
				CLANG_CXX_LIBRARY = "libc++";
				CLANG_ENABLE_MODULES = YES;
				CLANG_ENABLE_OBJC_ARC = YES;
				CLANG_ENABLE_OBJC_WEAK = YES;
				CLANG_WARN_BLOCK_CAPTURE_AUTORELEASING = YES;
				CLANG_WARN_BOOL_CONVERSION = YES;
				CLANG_WARN_COMMA = YES;
				CLANG_WARN_CONSTANT_CONVERSION = YES;
				CLANG_WARN_DEPRECATED_OBJC_IMPLEMENTATIONS = YES;
				CLANG_WARN_DIRECT_OBJC_ISA_USAGE = YES_ERROR;
				CLANG_WARN_DOCUMENTATION_COMMENTS = YES;
				CLANG_WARN_EMPTY_BODY = YES;
				CLANG_WARN_ENUM_CONVERSION = YES;
				CLANG_WARN_INFINITE_RECURSION = YES;
				CLANG_WARN_INT_CONVERSION = YES;
				CLANG_WARN_NON_LITERAL_NULL_CONVERSION = YES;
				CLANG_WARN_OBJC_IMPLICIT_RETAIN_SELF = YES;
				CLANG_WARN_OBJC_LITERAL_CONVERSION = YES;
				CLANG_WARN_OBJC_ROOT_CLASS = YES_ERROR;
				CLANG_WARN_QUOTED_INCLUDE_IN_FRAMEWORK_HEADER = YES;
				CLANG_WARN_RANGE_LOOP_ANALYSIS = YES;
				CLANG_WARN_STRICT_PROTOTYPES = YES;
				CLANG_WARN_SUSPICIOUS_MOVE = YES;
				CLANG_WARN_UNGUARDED_AVAILABILITY = YES_AGGRESSIVE;
				CLANG_WARN_UNREACHABLE_CODE = YES;
				CLANG_WARN__DUPLICATE_METHOD_MATCH = YES;
				COPY_PHASE_STRIP = NO;
				DEBUG_INFORMATION_FORMAT = "dwarf-with-dsym";
				ENABLE_NS_ASSERTIONS = NO;
				ENABLE_STRICT_OBJC_MSGSEND = YES;
				GCC_C_LANGUAGE_STANDARD = gnu11;
				GCC_NO_COMMON_BLOCKS = YES;
				GCC_WARN_64_TO_32_BIT_CONVERSION = YES;
				GCC_WARN_ABOUT_RETURN_TYPE = YES_ERROR;
				GCC_WARN_UNDECLARED_SELECTOR = YES;
				GCC_WARN_UNINITIALIZED_AUTOS = YES_AGGRESSIVE;
				GCC_WARN_UNUSED_FUNCTION = YES;
				GCC_WARN_UNUSED_VARIABLE = YES;
				IPHONEOS_DEPLOYMENT_TARGET = 14.3;
				MTL_ENABLE_DEBUG_INFO = NO;
				MTL_FAST_MATH = YES;
				SDKROOT = iphoneos;
				SWIFT_COMPILATION_MODE = wholemodule;
				SWIFT_OPTIMIZATION_LEVEL = "-O";
				VALIDATE_PRODUCT = YES;
			};
			name = Release;
		};
		8FAD96052591F1ED00292B24 /* Debug */ = {
			isa = XCBuildConfiguration;
			buildSettings = {
				ASSETCATALOG_COMPILER_APPICON_NAME = AppIcon;
				ASSETCATALOG_COMPILER_GLOBAL_ACCENT_COLOR_NAME = AccentColor;
				CODE_SIGN_IDENTITY = "iPhone Developer";
				CODE_SIGN_STYLE = Manual;
				DEVELOPMENT_TEAM = 76J3B7X2J5;
				INFOPLIST_FILE = Demo/Info.plist;
				IPHONEOS_DEPLOYMENT_TARGET = 12.0;
				LD_RUNPATH_SEARCH_PATHS = (
					"$(inherited)",
					"@executable_path/Frameworks",
				);
				PRODUCT_BUNDLE_IDENTIFIER = com.app.bimsstaging;
				PRODUCT_NAME = "$(TARGET_NAME)";
				PROVISIONING_PROFILE_SPECIFIER = BIMS_Staging_Dev_16September2020;
				SWIFT_VERSION = 5.0;
				TARGETED_DEVICE_FAMILY = 1;
			};
			name = Debug;
		};
		8FAD96062591F1ED00292B24 /* Release */ = {
			isa = XCBuildConfiguration;
			buildSettings = {
				ASSETCATALOG_COMPILER_APPICON_NAME = AppIcon;
				ASSETCATALOG_COMPILER_GLOBAL_ACCENT_COLOR_NAME = AccentColor;
				CODE_SIGN_IDENTITY = "iPhone Developer";
				CODE_SIGN_STYLE = Manual;
				DEVELOPMENT_TEAM = 76J3B7X2J5;
				INFOPLIST_FILE = Demo/Info.plist;
				IPHONEOS_DEPLOYMENT_TARGET = 12.0;
				LD_RUNPATH_SEARCH_PATHS = (
					"$(inherited)",
					"@executable_path/Frameworks",
				);
				PRODUCT_BUNDLE_IDENTIFIER = com.app.bimsstaging;
				PRODUCT_NAME = "$(TARGET_NAME)";
				PROVISIONING_PROFILE_SPECIFIER = BIMS_Staging_Dev_16September2020;
				SWIFT_VERSION = 5.0;
				TARGETED_DEVICE_FAMILY = 1;
			};
			name = Release;
		};
		8FAD96082591F1ED00292B24 /* Debug */ = {
			isa = XCBuildConfiguration;
			buildSettings = {
				ALWAYS_EMBED_SWIFT_STANDARD_LIBRARIES = YES;
				BUNDLE_LOADER = "$(TEST_HOST)";
				CODE_SIGN_STYLE = Automatic;
				INFOPLIST_FILE = DemoTests/Info.plist;
				IPHONEOS_DEPLOYMENT_TARGET = 14.3;
				LD_RUNPATH_SEARCH_PATHS = (
					"$(inherited)",
					"@executable_path/Frameworks",
					"@loader_path/Frameworks",
				);
				PRODUCT_BUNDLE_IDENTIFIER = com.tatvasoft.Demo.DemoTests;
				PRODUCT_NAME = "$(TARGET_NAME)";
				SWIFT_VERSION = 5.0;
				TARGETED_DEVICE_FAMILY = "1,2";
				TEST_HOST = "$(BUILT_PRODUCTS_DIR)/Demo.app/Demo";
			};
			name = Debug;
		};
		8FAD96092591F1ED00292B24 /* Release */ = {
			isa = XCBuildConfiguration;
			buildSettings = {
				ALWAYS_EMBED_SWIFT_STANDARD_LIBRARIES = YES;
				BUNDLE_LOADER = "$(TEST_HOST)";
				CODE_SIGN_STYLE = Automatic;
				INFOPLIST_FILE = DemoTests/Info.plist;
				IPHONEOS_DEPLOYMENT_TARGET = 14.3;
				LD_RUNPATH_SEARCH_PATHS = (
					"$(inherited)",
					"@executable_path/Frameworks",
					"@loader_path/Frameworks",
				);
				PRODUCT_BUNDLE_IDENTIFIER = com.tatvasoft.Demo.DemoTests;
				PRODUCT_NAME = "$(TARGET_NAME)";
				SWIFT_VERSION = 5.0;
				TARGETED_DEVICE_FAMILY = "1,2";
				TEST_HOST = "$(BUILT_PRODUCTS_DIR)/Demo.app/Demo";
			};
			name = Release;
		};
		8FAD960B2591F1ED00292B24 /* Debug */ = {
			isa = XCBuildConfiguration;
			buildSettings = {
				ALWAYS_EMBED_SWIFT_STANDARD_LIBRARIES = YES;
				CODE_SIGN_STYLE = Automatic;
				INFOPLIST_FILE = DemoUITests/Info.plist;
				LD_RUNPATH_SEARCH_PATHS = (
					"$(inherited)",
					"@executable_path/Frameworks",
					"@loader_path/Frameworks",
				);
				PRODUCT_BUNDLE_IDENTIFIER = com.tatvasoft.Demo.DemoUITests;
				PRODUCT_NAME = "$(TARGET_NAME)";
				SWIFT_VERSION = 5.0;
				TARGETED_DEVICE_FAMILY = "1,2";
				TEST_TARGET_NAME = Demo;
			};
			name = Debug;
		};
		8FAD960C2591F1ED00292B24 /* Release */ = {
			isa = XCBuildConfiguration;
			buildSettings = {
				ALWAYS_EMBED_SWIFT_STANDARD_LIBRARIES = YES;
				CODE_SIGN_STYLE = Automatic;
				INFOPLIST_FILE = DemoUITests/Info.plist;
				LD_RUNPATH_SEARCH_PATHS = (
					"$(inherited)",
					"@executable_path/Frameworks",
					"@loader_path/Frameworks",
				);
				PRODUCT_BUNDLE_IDENTIFIER = com.tatvasoft.Demo.DemoUITests;
				PRODUCT_NAME = "$(TARGET_NAME)";
				SWIFT_VERSION = 5.0;
				TARGETED_DEVICE_FAMILY = "1,2";
				TEST_TARGET_NAME = Demo;
			};
			name = Release;
		};
/* End XCBuildConfiguration section */

/* Begin XCConfigurationList section */
		8FAD95D52591F1EC00292B24 /* Build configuration list for PBXProject "Demo" */ = {
			isa = XCConfigurationList;
			buildConfigurations = (
				8FAD96022591F1ED00292B24 /* Debug */,
				8FAD96032591F1ED00292B24 /* Release */,
			);
			defaultConfigurationIsVisible = 0;
			defaultConfigurationName = Release;
		};
		8FAD96042591F1ED00292B24 /* Build configuration list for PBXNativeTarget "Demo" */ = {
			isa = XCConfigurationList;
			buildConfigurations = (
				8FAD96052591F1ED00292B24 /* Debug */,
				8FAD96062591F1ED00292B24 /* Release */,
			);
			defaultConfigurationIsVisible = 0;
			defaultConfigurationName = Release;
		};
		8FAD96072591F1ED00292B24 /* Build configuration list for PBXNativeTarget "DemoTests" */ = {
			isa = XCConfigurationList;
			buildConfigurations = (
				8FAD96082591F1ED00292B24 /* Debug */,
				8FAD96092591F1ED00292B24 /* Release */,
			);
			defaultConfigurationIsVisible = 0;
			defaultConfigurationName = Release;
		};
		8FAD960A2591F1ED00292B24 /* Build configuration list for PBXNativeTarget "DemoUITests" */ = {
			isa = XCConfigurationList;
			buildConfigurations = (
				8FAD960B2591F1ED00292B24 /* Debug */,
				8FAD960C2591F1ED00292B24 /* Release */,
			);
			defaultConfigurationIsVisible = 0;
			defaultConfigurationName = Release;
		};
/* End XCConfigurationList section */
	};
	rootObject = 8FAD95D22591F1EC00292B24 /* Project object */;
}
